
Microsoft Visual Studio Solution File, Format Version 12.00
# Visual Studio Version 17
VisualStudioVersion = 17.13.35825.156
MinimumVisualStudioVersion = 10.0.40219.1
Project("{2150E333-8FDC-42A3-9474-1A3956D46DE8}") = "src", "src", "{02EA681E-C7D8-13C7-8484-4AC65E1B71E8}"
EndProject
Project("{FAE04EC0-301F-11D3-BF4B-00C04F79EFBC}") = "ApostasApp.Core.Domain", "src\ApostasApp.Core.Domain\ApostasApp.Core.Domain.csproj", "{76E710A8-02C6-4CC8-BFFC-D66C204947FA}"
EndProject
Project("{FAE04EC0-301F-11D3-BF4B-00C04F79EFBC}") = "ApostasApp.Core.Application", "src\ApostasApp.Core.Application\ApostasApp.Core.Application.csproj", "{2836DDD6-C02A-4BAB-A16A-F0BA1F18913D}"
EndProject
Project("{FAE04EC0-301F-11D3-BF4B-00C04F79EFBC}") = "ApostasApp.Core.InfraStructure", "src\ApostasApp.Core.Infrastructure\ApostasApp.Core.InfraStructure.csproj", "{691AFB5A-C56E-49C5-BBEE-102B56A7B193}"
EndProject
Project("{FAE04EC0-301F-11D3-BF4B-00C04F79EFBC}") = "ApostasApp.Web", "src\ApostasApp.Web\ApostasApp.Web.csproj", "{3EA1C546-A794-43E7-9620-9CCAD5167A0C}"
EndProject
Project("{2150E333-8FDC-42A3-9474-1A3956D46DE8}") = "Deploy", "Deploy", "{AA8949E1-C745-4561-A622-5CF1FC564185}"
EndProject
Global
	GlobalSection(SolutionConfigurationPlatforms) = preSolution
		Debug|Any CPU = Debug|Any CPU
		Release|Any CPU = Release|Any CPU
	EndGlobalSection
	GlobalSection(ProjectConfigurationPlatforms) = postSolution
		{76E710A8-02C6-4CC8-BFFC-D66C204947FA}.Debug|Any CPU.ActiveCfg = Debug|Any CPU
		{76E710A8-02C6-4CC8-BFFC-D66C204947FA}.Debug|Any CPU.Build.0 = Debug|Any CPU
		{76E710A8-02C6-4CC8-BFFC-D66C204947FA}.Release|Any CPU.ActiveCfg = Release|Any CPU
		{76E710A8-02C6-4CC8-BFFC-D66C204947FA}.Release|Any CPU.Build.0 = Release|Any CPU
		{2836DDD6-C02A-4BAB-A16A-F0BA1F18913D}.Debug|Any CPU.ActiveCfg = Debug|Any CPU
		{2836DDD6-C02A-4BAB-A16A-F0BA1F18913D}.Debug|Any CPU.Build.0 = Debug|Any CPU
		{2836DDD6-C02A-4BAB-A16A-F0BA1F18913D}.Release|Any CPU.ActiveCfg = Release|Any CPU
		{2836DDD6-C02A-4BAB-A16A-F0BA1F18913D}.Release|Any CPU.Build.0 = Release|Any CPU
		{691AFB5A-C56E-49C5-BBEE-102B56A7B193}.Debug|Any CPU.ActiveCfg = Debug|Any CPU
		{691AFB5A-C56E-49C5-BBEE-102B56A7B193}.Debug|Any CPU.Build.0 = Debug|Any CPU
		{691AFB5A-C56E-49C5-BBEE-102B56A7B193}.Release|Any CPU.ActiveCfg = Release|Any CPU
		{691AFB5A-C56E-49C5-BBEE-102B56A7B193}.Release|Any CPU.Build.0 = Release|Any CPU
		{3EA1C546-A794-43E7-9620-9CCAD5167A0C}.Debug|Any CPU.ActiveCfg = Debug|Any CPU
		{3EA1C546-A794-43E7-9620-9CCAD5167A0C}.Debug|Any CPU.Build.0 = Debug|Any CPU
		{3EA1C546-A794-43E7-9620-9CCAD5167A0C}.Release|Any CPU.ActiveCfg = Release|Any CPU
		{3EA1C546-A794-43E7-9620-9CCAD5167A0C}.Release|Any CPU.Build.0 = Release|Any CPU
	EndGlobalSection
	GlobalSection(SolutionProperties) = preSolution
		HideSolutionNode = FALSE
	EndGlobalSection
	GlobalSection(ExtensibilityGlobals) = postSolution
		        SolutionGuid = {BD0258F9-19A8-41E7-A8EA-D8B11B296D5A}
		SolutionGuid = {A16C24B6-D1AE-40E1-A9C4-2DD959309EB4}
	EndGlobalSection
EndGlobal
